// !$*UTF8*$!
{
	archiveVersion = 1;
	classes = {
	};
	objectVersion = 50;
	objects = {

/* Begin PBXBuildFile section */
		4DF8F56624A305B400D3250B /* AppDelegate.swift in Sources */ = {isa = PBXBuildFile; fileRef = 4DF8F56524A305B400D3250B /* AppDelegate.swift */; };
		4DF8F56824A305B400D3250B /* SceneDelegate.swift in Sources */ = {isa = PBXBuildFile; fileRef = 4DF8F56724A305B400D3250B /* SceneDelegate.swift */; };
		4DF8F56A24A305B400D3250B /* ViewController.swift in Sources */ = {isa = PBXBuildFile; fileRef = 4DF8F56924A305B400D3250B /* ViewController.swift */; };
		4DF8F56D24A305B400D3250B /* Main.storyboard in Resources */ = {isa = PBXBuildFile; fileRef = 4DF8F56B24A305B400D3250B /* Main.storyboard */; };
		4DF8F56F24A305B700D3250B /* Assets.xcassets in Resources */ = {isa = PBXBuildFile; fileRef = 4DF8F56E24A305B700D3250B /* Assets.xcassets */; };
		4DF8F57224A305B700D3250B /* LaunchScreen.storyboard in Resources */ = {isa = PBXBuildFile; fileRef = 4DF8F57024A305B700D3250B /* LaunchScreen.storyboard */; };
		4DF8F57D24A305B700D3250B /* UICollectionViewTests.swift in Sources */ = {isa = PBXBuildFile; fileRef = 4DF8F57C24A305B700D3250B /* UICollectionViewTests.swift */; };
		4DF8F58824A305B700D3250B /* UICollectionViewUITests.swift in Sources */ = {isa = PBXBuildFile; fileRef = 4DF8F58724A305B700D3250B /* UICollectionViewUITests.swift */; };
/* End PBXBuildFile section */

/* Begin PBXContainerItemProxy section */
		4DF8F57924A305B700D3250B /* PBXContainerItemProxy */ = {
			isa = PBXContainerItemProxy;
			containerPortal = 4DF8F55A24A305B400D3250B /* Project object */;
			proxyType = 1;
			remoteGlobalIDString = 4DF8F56124A305B400D3250B;
			remoteInfo = UICollectionView;
		};
		4DF8F58424A305B700D3250B /* PBXContainerItemProxy */ = {
			isa = PBXContainerItemProxy;
			containerPortal = 4DF8F55A24A305B400D3250B /* Project object */;
			proxyType = 1;
			remoteGlobalIDString = 4DF8F56124A305B400D3250B;
			remoteInfo = UICollectionView;
		};
/* End PBXContainerItemProxy section */

/* Begin PBXFileReference section */
		4DF8F56224A305B400D3250B /* UICollectionView.app */ = {isa = PBXFileReference; explicitFileType = wrapper.application; includeInIndex = 0; path = UICollectionView.app; sourceTree = BUILT_PRODUCTS_DIR; };
		4DF8F56524A305B400D3250B /* AppDelegate.swift */ = {isa = PBXFileReference; lastKnownFileType = sourcecode.swift; path = AppDelegate.swift; sourceTree = "<group>"; };
		4DF8F56724A305B400D3250B /* SceneDelegate.swift */ = {isa = PBXFileReference; lastKnownFileType = sourcecode.swift; path = SceneDelegate.swift; sourceTree = "<group>"; };
		4DF8F56924A305B400D3250B /* ViewController.swift */ = {isa = PBXFileReference; lastKnownFileType = sourcecode.swift; path = ViewController.swift; sourceTree = "<group>"; };
		4DF8F56C24A305B400D3250B /* Base */ = {isa = PBXFileReference; lastKnownFileType = file.storyboard; name = Base; path = Base.lproj/Main.storyboard; sourceTree = "<group>"; };
		4DF8F56E24A305B700D3250B /* Assets.xcassets */ = {isa = PBXFileReference; lastKnownFileType = folder.assetcatalog; path = Assets.xcassets; sourceTree = "<group>"; };
		4DF8F57124A305B700D3250B /* Base */ = {isa = PBXFileReference; lastKnownFileType = file.storyboard; name = Base; path = Base.lproj/LaunchScreen.storyboard; sourceTree = "<group>"; };
		4DF8F57324A305B700D3250B /* Info.plist */ = {isa = PBXFileReference; lastKnownFileType = text.plist.xml; path = Info.plist; sourceTree = "<group>"; };
		4DF8F57824A305B700D3250B /* UICollectionViewTests.xctest */ = {isa = PBXFileReference; explicitFileType = wrapper.cfbundle; includeInIndex = 0; path = UICollectionViewTests.xctest; sourceTree = BUILT_PRODUCTS_DIR; };
		4DF8F57C24A305B700D3250B /* UICollectionViewTests.swift */ = {isa = PBXFileReference; lastKnownFileType = sourcecode.swift; path = UICollectionViewTests.swift; sourceTree = "<group>"; };
		4DF8F57E24A305B700D3250B /* Info.plist */ = {isa = PBXFileReference; lastKnownFileType = text.plist.xml; path = Info.plist; sourceTree = "<group>"; };
		4DF8F58324A305B700D3250B /* UICollectionViewUITests.xctest */ = {isa = PBXFileReference; explicitFileType = wrapper.cfbundle; includeInIndex = 0; path = UICollectionViewUITests.xctest; sourceTree = BUILT_PRODUCTS_DIR; };
		4DF8F58724A305B700D3250B /* UICollectionViewUITests.swift */ = {isa = PBXFileReference; lastKnownFileType = sourcecode.swift; path = UICollectionViewUITests.swift; sourceTree = "<group>"; };
		4DF8F58924A305B700D3250B /* Info.plist */ = {isa = PBXFileReference; lastKnownFileType = text.plist.xml; path = Info.plist; sourceTree = "<group>"; };
/* End PBXFileReference section */

/* Begin PBXFrameworksBuildPhase section */
		4DF8F55F24A305B400D3250B /* Frameworks */ = {
			isa = PBXFrameworksBuildPhase;
			buildActionMask = 2147483647;
			files = (
			);
			runOnlyForDeploymentPostprocessing = 0;
		};
		4DF8F57524A305B700D3250B /* Frameworks */ = {
			isa = PBXFrameworksBuildPhase;
			buildActionMask = 2147483647;
			files = (
			);
			runOnlyForDeploymentPostprocessing = 0;
		};
		4DF8F58024A305B700D3250B /* Frameworks */ = {
			isa = PBXFrameworksBuildPhase;
			buildActionMask = 2147483647;
			files = (
			);
			runOnlyForDeploymentPostprocessing = 0;
		};
/* End PBXFrameworksBuildPhase section */

/* Begin PBXGroup section */
		4DF8F55924A305B400D3250B = {
			isa = PBXGroup;
			children = (
				4DF8F56424A305B400D3250B /* UICollectionView */,
				4DF8F57B24A305B700D3250B /* UICollectionViewTests */,
				4DF8F58624A305B700D3250B /* UICollectionViewUITests */,
				4DF8F56324A305B400D3250B /* Products */,
			);
			sourceTree = "<group>";
		};
		4DF8F56324A305B400D3250B /* Products */ = {
			isa = PBXGroup;
			children = (
				4DF8F56224A305B400D3250B /* UICollectionView.app */,
				4DF8F57824A305B700D3250B /* UICollectionViewTests.xctest */,
				4DF8F58324A305B700D3250B /* UICollectionViewUITests.xctest */,
			);
			name = Products;
			sourceTree = "<group>";
		};
		4DF8F56424A305B400D3250B /* UICollectionView */ = {
			isa = PBXGroup;
			children = (
				4DF8F56524A305B400D3250B /* AppDelegate.swift */,
				4DF8F56724A305B400D3250B /* SceneDelegate.swift */,
				4DF8F56924A305B400D3250B /* ViewController.swift */,
				4DF8F56B24A305B400D3250B /* Main.storyboard */,
				4DF8F56E24A305B700D3250B /* Assets.xcassets */,
				4DF8F57024A305B700D3250B /* LaunchScreen.storyboard */,
				4DF8F57324A305B700D3250B /* Info.plist */,
			);
			path = UICollectionView;
			sourceTree = "<group>";
		};
		4DF8F57B24A305B700D3250B /* UICollectionViewTests */ = {
			isa = PBXGroup;
			children = (
				4DF8F57C24A305B700D3250B /* UICollectionViewTests.swift */,
				4DF8F57E24A305B700D3250B /* Info.plist */,
			);
			path = UICollectionViewTests;
			sourceTree = "<group>";
		};
		4DF8F58624A305B700D3250B /* UICollectionViewUITests */ = {
			isa = PBXGroup;
			children = (
				4DF8F58724A305B700D3250B /* UICollectionViewUITests.swift */,
				4DF8F58924A305B700D3250B /* Info.plist */,
			);
			path = UICollectionViewUITests;
			sourceTree = "<group>";
		};
/* End PBXGroup section */

/* Begin PBXNativeTarget section */
		4DF8F56124A305B400D3250B /* UICollectionView */ = {
			isa = PBXNativeTarget;
			buildConfigurationList = 4DF8F58C24A305B700D3250B /* Build configuration list for PBXNativeTarget "UICollectionView" */;
			buildPhases = (
				4DF8F55E24A305B400D3250B /* Sources */,
				4DF8F55F24A305B400D3250B /* Frameworks */,
				4DF8F56024A305B400D3250B /* Resources */,
			);
			buildRules = (
			);
			dependencies = (
			);
			name = UICollectionView;
			productName = UICollectionView;
			productReference = 4DF8F56224A305B400D3250B /* UICollectionView.app */;
			productType = "com.apple.product-type.application";
		};
		4DF8F57724A305B700D3250B /* UICollectionViewTests */ = {
			isa = PBXNativeTarget;
			buildConfigurationList = 4DF8F58F24A305B700D3250B /* Build configuration list for PBXNativeTarget "UICollectionViewTests" */;
			buildPhases = (
				4DF8F57424A305B700D3250B /* Sources */,
				4DF8F57524A305B700D3250B /* Frameworks */,
				4DF8F57624A305B700D3250B /* Resources */,
			);
			buildRules = (
			);
			dependencies = (
				4DF8F57A24A305B700D3250B /* PBXTargetDependency */,
			);
			name = UICollectionViewTests;
			productName = UICollectionViewTests;
			productReference = 4DF8F57824A305B700D3250B /* UICollectionViewTests.xctest */;
			productType = "com.apple.product-type.bundle.unit-test";
		};
		4DF8F58224A305B700D3250B /* UICollectionViewUITests */ = {
			isa = PBXNativeTarget;
			buildConfigurationList = 4DF8F59224A305B700D3250B /* Build configuration list for PBXNativeTarget "UICollectionViewUITests" */;
			buildPhases = (
				4DF8F57F24A305B700D3250B /* Sources */,
				4DF8F58024A305B700D3250B /* Frameworks */,
				4DF8F58124A305B700D3250B /* Resources */,
			);
			buildRules = (
			);
			dependencies = (
				4DF8F58524A305B700D3250B /* PBXTargetDependency */,
			);
			name = UICollectionViewUITests;
			productName = UICollectionViewUITests;
			productReference = 4DF8F58324A305B700D3250B /* UICollectionViewUITests.xctest */;
			productType = "com.apple.product-type.bundle.ui-testing";
		};
/* End PBXNativeTarget section */

/* Begin PBXProject section */
		4DF8F55A24A305B400D3250B /* Project object */ = {
			isa = PBXProject;
			attributes = {
				LastSwiftUpdateCheck = 1150;
				LastUpgradeCheck = 1150;
				ORGANIZATIONNAME = abatjarg;
				TargetAttributes = {
					4DF8F56124A305B400D3250B = {
						CreatedOnToolsVersion = 11.5;
					};
					4DF8F57724A305B700D3250B = {
						CreatedOnToolsVersion = 11.5;
						TestTargetID = 4DF8F56124A305B400D3250B;
					};
					4DF8F58224A305B700D3250B = {
						CreatedOnToolsVersion = 11.5;
						TestTargetID = 4DF8F56124A305B400D3250B;
					};
				};
			};
			buildConfigurationList = 4DF8F55D24A305B400D3250B /* Build configuration list for PBXProject "UICollectionView" */;
			compatibilityVersion = "Xcode 9.3";
			developmentRegion = en;
			hasScannedForEncodings = 0;
			knownRegions = (
				en,
				Base,
			);
			mainGroup = 4DF8F55924A305B400D3250B;
			productRefGroup = 4DF8F56324A305B400D3250B /* Products */;
			projectDirPath = "";
			projectRoot = "";
			targets = (
				4DF8F56124A305B400D3250B /* UICollectionView */,
				4DF8F57724A305B700D3250B /* UICollectionViewTests */,
				4DF8F58224A305B700D3250B /* UICollectionViewUITests */,
			);
		};
/* End PBXProject section */

/* Begin PBXResourcesBuildPhase section */
		4DF8F56024A305B400D3250B /* Resources */ = {
			isa = PBXResourcesBuildPhase;
			buildActionMask = 2147483647;
			files = (
				4DF8F57224A305B700D3250B /* LaunchScreen.storyboard in Resources */,
				4DF8F56F24A305B700D3250B /* Assets.xcassets in Resources */,
				4DF8F56D24A305B400D3250B /* Main.storyboard in Resources */,
			);
			runOnlyForDeploymentPostprocessing = 0;
		};
		4DF8F57624A305B700D3250B /* Resources */ = {
			isa = PBXResourcesBuildPhase;
			buildActionMask = 2147483647;
			files = (
			);
			runOnlyForDeploymentPostprocessing = 0;
		};
		4DF8F58124A305B700D3250B /* Resources */ = {
			isa = PBXResourcesBuildPhase;
			buildActionMask = 2147483647;
			files = (
			);
			runOnlyForDeploymentPostprocessing = 0;
		};
/* End PBXResourcesBuildPhase section */

/* Begin PBXSourcesBuildPhase section */
		4DF8F55E24A305B400D3250B /* Sources */ = {
			isa = PBXSourcesBuildPhase;
			buildActionMask = 2147483647;
			files = (
				4DF8F56A24A305B400D3250B /* ViewController.swift in Sources */,
				4DF8F56624A305B400D3250B /* AppDelegate.swift in Sources */,
				4DF8F56824A305B400D3250B /* SceneDelegate.swift in Sources */,
			);
			runOnlyForDeploymentPostprocessing = 0;
		};
		4DF8F57424A305B700D3250B /* Sources */ = {
			isa = PBXSourcesBuildPhase;
			buildActionMask = 2147483647;
			files = (
				4DF8F57D24A305B700D3250B /* UICollectionViewTests.swift in Sources */,
			);
			runOnlyForDeploymentPostprocessing = 0;
		};
		4DF8F57F24A305B700D3250B /* Sources */ = {
			isa = PBXSourcesBuildPhase;
			buildActionMask = 2147483647;
			files = (
				4DF8F58824A305B700D3250B /* UICollectionViewUITests.swift in Sources */,
			);
			runOnlyForDeploymentPostprocessing = 0;
		};
/* End PBXSourcesBuildPhase section */

/* Begin PBXTargetDependency section */
		4DF8F57A24A305B700D3250B /* PBXTargetDependency */ = {
			isa = PBXTargetDependency;
			target = 4DF8F56124A305B400D3250B /* UICollectionView */;
			targetProxy = 4DF8F57924A305B700D3250B /* PBXContainerItemProxy */;
		};
		4DF8F58524A305B700D3250B /* PBXTargetDependency */ = {
			isa = PBXTargetDependency;
			target = 4DF8F56124A305B400D3250B /* UICollectionView */;
			targetProxy = 4DF8F58424A305B700D3250B /* PBXContainerItemProxy */;
		};
/* End PBXTargetDependency section */

/* Begin PBXVariantGroup section */
		4DF8F56B24A305B400D3250B /* Main.storyboard */ = {
			isa = PBXVariantGroup;
			children = (
				4DF8F56C24A305B400D3250B /* Base */,
			);
			name = Main.storyboard;
			sourceTree = "<group>";
		};
		4DF8F57024A305B700D3250B /* LaunchScreen.storyboard */ = {
			isa = PBXVariantGroup;
			children = (
				4DF8F57124A305B700D3250B /* Base */,
			);
			name = LaunchScreen.storyboard;
			sourceTree = "<group>";
		};
/* End PBXVariantGroup section */

/* Begin XCBuildConfiguration section */
		4DF8F58A24A305B700D3250B /* Debug */ = {
			isa = XCBuildConfiguration;
			buildSettings = {
				ALWAYS_SEARCH_USER_PATHS = NO;
				CLANG_ANALYZER_NONNULL = YES;
				CLANG_ANALYZER_NUMBER_OBJECT_CONVERSION = YES_AGGRESSIVE;
				CLANG_CXX_LANGUAGE_STANDARD = "gnu++14";
				CLANG_CXX_LIBRARY = "libc++";
				CLANG_ENABLE_MODULES = YES;
				CLANG_ENABLE_OBJC_ARC = YES;
				CLANG_ENABLE_OBJC_WEAK = YES;
				CLANG_WARN_BLOCK_CAPTURE_AUTORELEASING = YES;
				CLANG_WARN_BOOL_CONVERSION = YES;
				CLANG_WARN_COMMA = YES;
				CLANG_WARN_CONSTANT_CONVERSION = YES;
				CLANG_WARN_DEPRECATED_OBJC_IMPLEMENTATIONS = YES;
				CLANG_WARN_DIRECT_OBJC_ISA_USAGE = YES_ERROR;
				CLANG_WARN_DOCUMENTATION_COMMENTS = YES;
				CLANG_WARN_EMPTY_BODY = YES;
				CLANG_WARN_ENUM_CONVERSION = YES;
				CLANG_WARN_INFINITE_RECURSION = YES;
				CLANG_WARN_INT_CONVERSION = YES;
				CLANG_WARN_NON_LITERAL_NULL_CONVERSION = YES;
				CLANG_WARN_OBJC_IMPLICIT_RETAIN_SELF = YES;
				CLANG_WARN_OBJC_LITERAL_CONVERSION = YES;
				CLANG_WARN_OBJC_ROOT_CLASS = YES_ERROR;
				CLANG_WARN_RANGE_LOOP_ANALYSIS = YES;
				CLANG_WARN_STRICT_PROTOTYPES = YES;
				CLANG_WARN_SUSPICIOUS_MOVE = YES;
				CLANG_WARN_UNGUARDED_AVAILABILITY = YES_AGGRESSIVE;
				CLANG_WARN_UNREACHABLE_CODE = YES;
				CLANG_WARN__DUPLICATE_METHOD_MATCH = YES;
				COPY_PHASE_STRIP = NO;
				DEBUG_INFORMATION_FORMAT = dwarf;
				ENABLE_STRICT_OBJC_MSGSEND = YES;
				ENABLE_TESTABILITY = YES;
				GCC_C_LANGUAGE_STANDARD = gnu11;
				GCC_DYNAMIC_NO_PIC = NO;
				GCC_NO_COMMON_BLOCKS = YES;
				GCC_OPTIMIZATION_LEVEL = 0;
				GCC_PREPROCESSOR_DEFINITIONS = (
					"DEBUG=1",
					"$(inherited)",
				);
				GCC_WARN_64_TO_32_BIT_CONVERSION = YES;
				GCC_WARN_ABOUT_RETURN_TYPE = YES_ERROR;
				GCC_WARN_UNDECLARED_SELECTOR = YES;
				GCC_WARN_UNINITIALIZED_AUTOS = YES_AGGRESSIVE;
				GCC_WARN_UNUSED_FUNCTION = YES;
				GCC_WARN_UNUSED_VARIABLE = YES;
				IPHONEOS_DEPLOYMENT_TARGET = 13.5;
				MTL_ENABLE_DEBUG_INFO = INCLUDE_SOURCE;
				MTL_FAST_MATH = YES;
				ONLY_ACTIVE_ARCH = YES;
				SDKROOT = iphoneos;
				SWIFT_ACTIVE_COMPILATION_CONDITIONS = DEBUG;
				SWIFT_OPTIMIZATION_LEVEL = "-Onone";
			};
			name = Debug;
		};
		4DF8F58B24A305B700D3250B /* Release */ = {
			isa = XCBuildConfiguration;
			buildSettings = {
				ALWAYS_SEARCH_USER_PATHS = NO;
				CLANG_ANALYZER_NONNULL = YES;
				CLANG_ANALYZER_NUMBER_OBJECT_CONVERSION = YES_AGGRESSIVE;
				CLANG_CXX_LANGUAGE_STANDARD = "gnu++14";
				CLANG_CXX_LIBRARY = "libc++";
				CLANG_ENABLE_MODULES = YES;
				CLANG_ENABLE_OBJC_ARC = YES;
				CLANG_ENABLE_OBJC_WEAK = YES;
				CLANG_WARN_BLOCK_CAPTURE_AUTORELEASING = YES;
				CLANG_WARN_BOOL_CONVERSION = YES;
				CLANG_WARN_COMMA = YES;
				CLANG_WARN_CONSTANT_CONVERSION = YES;
				CLANG_WARN_DEPRECATED_OBJC_IMPLEMENTATIONS = YES;
				CLANG_WARN_DIRECT_OBJC_ISA_USAGE = YES_ERROR;
				CLANG_WARN_DOCUMENTATION_COMMENTS = YES;
				CLANG_WARN_EMPTY_BODY = YES;
				CLANG_WARN_ENUM_CONVERSION = YES;
				CLANG_WARN_INFINITE_RECURSION = YES;
				CLANG_WARN_INT_CONVERSION = YES;
				CLANG_WARN_NON_LITERAL_NULL_CONVERSION = YES;
				CLANG_WARN_OBJC_IMPLICIT_RETAIN_SELF = YES;
				CLANG_WARN_OBJC_LITERAL_CONVERSION = YES;
				CLANG_WARN_OBJC_ROOT_CLASS = YES_ERROR;
				CLANG_WARN_RANGE_LOOP_ANALYSIS = YES;
				CLANG_WARN_STRICT_PROTOTYPES = YES;
				CLANG_WARN_SUSPICIOUS_MOVE = YES;
				CLANG_WARN_UNGUARDED_AVAILABILITY = YES_AGGRESSIVE;
				CLANG_WARN_UNREACHABLE_CODE = YES;
				CLANG_WARN__DUPLICATE_METHOD_MATCH = YES;
				COPY_PHASE_STRIP = NO;
				DEBUG_INFORMATION_FORMAT = "dwarf-with-dsym";
				ENABLE_NS_ASSERTIONS = NO;
				ENABLE_STRICT_OBJC_MSGSEND = YES;
				GCC_C_LANGUAGE_STANDARD = gnu11;
				GCC_NO_COMMON_BLOCKS = YES;
				GCC_WARN_64_TO_32_BIT_CONVERSION = YES;
				GCC_WARN_ABOUT_RETURN_TYPE = YES_ERROR;
				GCC_WARN_UNDECLARED_SELECTOR = YES;
				GCC_WARN_UNINITIALIZED_AUTOS = YES_AGGRESSIVE;
				GCC_WARN_UNUSED_FUNCTION = YES;
				GCC_WARN_UNUSED_VARIABLE = YES;
				IPHONEOS_DEPLOYMENT_TARGET = 13.5;
				MTL_ENABLE_DEBUG_INFO = NO;
				MTL_FAST_MATH = YES;
				SDKROOT = iphoneos;
				SWIFT_COMPILATION_MODE = wholemodule;
				SWIFT_OPTIMIZATION_LEVEL = "-O";
				VALIDATE_PRODUCT = YES;
			};
			name = Release;
		};
		4DF8F58D24A305B700D3250B /* Debug */ = {
			isa = XCBuildConfiguration;
			buildSettings = {
				ASSETCATALOG_COMPILER_APPICON_NAME = AppIcon;
				CODE_SIGN_STYLE = Automatic;
				DEVELOPMENT_TEAM = UDBQ493C9D;
				INFOPLIST_FILE = UICollectionView/Info.plist;
				LD_RUNPATH_SEARCH_PATHS = (
					"$(inherited)",
					"@executable_path/Frameworks",
				);
				PRODUCT_BUNDLE_IDENTIFIER = com.abatjarg.UICollectionView;
				PRODUCT_NAME = "$(TARGET_NAME)";
				SWIFT_VERSION = 5.0;
				TARGETED_DEVICE_FAMILY = "1,2";
			};
			name = Debug;
		};
		4DF8F58E24A305B700D3250B /* Release */ = {
			isa = XCBuildConfiguration;
			buildSettings = {
				ASSETCATALOG_COMPILER_APPICON_NAME = AppIcon;
				CODE_SIGN_STYLE = Automatic;
				DEVELOPMENT_TEAM = UDBQ493C9D;
				INFOPLIST_FILE = UICollectionView/Info.plist;
				LD_RUNPATH_SEARCH_PATHS = (
					"$(inherited)",
					"@executable_path/Frameworks",
				);
				PRODUCT_BUNDLE_IDENTIFIER = com.abatjarg.UICollectionView;
				PRODUCT_NAME = "$(TARGET_NAME)";
				SWIFT_VERSION = 5.0;
				TARGETED_DEVICE_FAMILY = "1,2";
			};
			name = Release;
		};
		4DF8F59024A305B700D3250B /* Debug */ = {
			isa = XCBuildConfiguration;
			buildSettings = {
				ALWAYS_EMBED_SWIFT_STANDARD_LIBRARIES = YES;
				BUNDLE_LOADER = "$(TEST_HOST)";
				CODE_SIGN_STYLE = Automatic;
				DEVELOPMENT_TEAM = UDBQ493C9D;
				INFOPLIST_FILE = UICollectionViewTests/Info.plist;
				IPHONEOS_DEPLOYMENT_TARGET = 13.5;
				LD_RUNPATH_SEARCH_PATHS = (
					"$(inherited)",
					"@executable_path/Frameworks",
					"@loader_path/Frameworks",
				);
				PRODUCT_BUNDLE_IDENTIFIER = com.abatjarg.UICollectionViewTests;
				PRODUCT_NAME = "$(TARGET_NAME)";
				SWIFT_VERSION = 5.0;
				TARGETED_DEVICE_FAMILY = "1,2";
				TEST_HOST = "$(BUILT_PRODUCTS_DIR)/UICollectionView.app/UICollectionView";
			};
			name = Debug;
		};
		4DF8F59124A305B700D3250B /* Release */ = {
			isa = XCBuildConfiguration;
			buildSettings = {
				ALWAYS_EMBED_SWIFT_STANDARD_LIBRARIES = YES;
				BUNDLE_LOADER = "$(TEST_HOST)";
				CODE_SIGN_STYLE = Automatic;
				DEVELOPMENT_TEAM = UDBQ493C9D;
				INFOPLIST_FILE = UICollectionViewTests/Info.plist;
				IPHONEOS_DEPLOYMENT_TARGET = 13.5;
				LD_RUNPATH_SEARCH_PATHS = (
					"$(inherited)",
					"@executable_path/Frameworks",
					"@loader_path/Frameworks",
				);
				PRODUCT_BUNDLE_IDENTIFIER = com.abatjarg.UICollectionViewTests;
				PRODUCT_NAME = "$(TARGET_NAME)";
				SWIFT_VERSION = 5.0;
				TARGETED_DEVICE_FAMILY = "1,2";
				TEST_HOST = "$(BUILT_PRODUCTS_DIR)/UICollectionView.app/UICollectionView";
			};
			name = Release;
		};
		4DF8F59324A305B700D3250B /* Debug */ = {
			isa = XCBuildConfiguration;
			buildSettings = {
				ALWAYS_EMBED_SWIFT_STANDARD_LIBRARIES = YES;
				CODE_SIGN_STYLE = Automatic;
				DEVELOPMENT_TEAM = UDBQ493C9D;
				INFOPLIST_FILE = UICollectionViewUITests/Info.plist;
				LD_RUNPATH_SEARCH_PATHS = (
					"$(inherited)",
					"@executable_path/Frameworks",
					"@loader_path/Frameworks",
				);
				PRODUCT_BUNDLE_IDENTIFIER = com.abatjarg.UICollectionViewUITests;
				PRODUCT_NAME = "$(TARGET_NAME)";
				SWIFT_VERSION = 5.0;
				TARGETED_DEVICE_FAMILY = "1,2";
				TEST_TARGET_NAME = UICollectionView;
			};
			name = Debug;
		};
		4DF8F59424A305B700D3250B /* Release */ = {
			isa = XCBuildConfiguration;
			buildSettings = {
				ALWAYS_EMBED_SWIFT_STANDARD_LIBRARIES = YES;
				CODE_SIGN_STYLE = Automatic;
				DEVELOPMENT_TEAM = UDBQ493C9D;
				INFOPLIST_FILE = UICollectionViewUITests/Info.plist;
				LD_RUNPATH_SEARCH_PATHS = (
					"$(inherited)",
					"@executable_path/Frameworks",
					"@loader_path/Frameworks",
				);
				PRODUCT_BUNDLE_IDENTIFIER = com.abatjarg.UICollectionViewUITests;
				PRODUCT_NAME = "$(TARGET_NAME)";
				SWIFT_VERSION = 5.0;
				TARGETED_DEVICE_FAMILY = "1,2";
				TEST_TARGET_NAME = UICollectionView;
			};
			name = Release;
		};
/* End XCBuildConfiguration section */

/* Begin XCConfigurationList section */
		4DF8F55D24A305B400D3250B /* Build configuration list for PBXProject "UICollectionView" */ = {
			isa = XCConfigurationList;
			buildConfigurations = (
				4DF8F58A24A305B700D3250B /* Debug */,
				4DF8F58B24A305B700D3250B /* Release */,
			);
			defaultConfigurationIsVisible = 0;
			defaultConfigurationName = Release;
		};
		4DF8F58C24A305B700D3250B /* Build configuration list for PBXNativeTarget "UICollectionView" */ = {
			isa = XCConfigurationList;
			buildConfigurations = (
				4DF8F58D24A305B700D3250B /* Debug */,
				4DF8F58E24A305B700D3250B /* Release */,
			);
			defaultConfigurationIsVisible = 0;
			defaultConfigurationName = Release;
		};
		4DF8F58F24A305B700D3250B /* Build configuration list for PBXNativeTarget "UICollectionViewTests" */ = {
			isa = XCConfigurationList;
			buildConfigurations = (
				4DF8F59024A305B700D3250B /* Debug */,
				4DF8F59124A305B700D3250B /* Release */,
			);
			defaultConfigurationIsVisible = 0;
			defaultConfigurationName = Release;
		};
		4DF8F59224A305B700D3250B /* Build configuration list for PBXNativeTarget "UICollectionViewUITests" */ = {
			isa = XCConfigurationList;
			buildConfigurations = (
				4DF8F59324A305B700D3250B /* Debug */,
				4DF8F59424A305B700D3250B /* Release */,
			);
			defaultConfigurationIsVisible = 0;
			defaultConfigurationName = Release;
		};
/* End XCConfigurationList section */
	};
	rootObject = 4DF8F55A24A305B400D3250B /* Project object */;
}
