// !$*UTF8*$!
{
	archiveVersion = 1;
	classes = {
	};
	objectVersion = 50;
	objects = {

/* Begin PBXBuildFile section */
		4DF8F5A424A6F69E00D3250B /* AppDelegate.swift in Sources */ = {isa = PBXBuildFile; fileRef = 4DF8F5A324A6F69E00D3250B /* AppDelegate.swift */; };
		4DF8F5A624A6F69E00D3250B /* SceneDelegate.swift in Sources */ = {isa = PBXBuildFile; fileRef = 4DF8F5A524A6F69E00D3250B /* SceneDelegate.swift */; };
		4DF8F5A824A6F69E00D3250B /* ViewController.swift in Sources */ = {isa = PBXBuildFile; fileRef = 4DF8F5A724A6F69E00D3250B /* ViewController.swift */; };
		4DF8F5AD24A6F69E00D3250B /* Assets.xcassets in Resources */ = {isa = PBXBuildFile; fileRef = 4DF8F5AC24A6F69E00D3250B /* Assets.xcassets */; };
		4DF8F5B024A6F69E00D3250B /* LaunchScreen.storyboard in Resources */ = {isa = PBXBuildFile; fileRef = 4DF8F5AE24A6F69E00D3250B /* LaunchScreen.storyboard */; };
		4DF8F5BB24A6F69F00D3250B /* RestApiRequestTests.swift in Sources */ = {isa = PBXBuildFile; fileRef = 4DF8F5BA24A6F69F00D3250B /* RestApiRequestTests.swift */; };
		4DF8F5C624A6F69F00D3250B /* RestApiRequestUITests.swift in Sources */ = {isa = PBXBuildFile; fileRef = 4DF8F5C524A6F69F00D3250B /* RestApiRequestUITests.swift */; };
/* End PBXBuildFile section */

/* Begin PBXContainerItemProxy section */
		4DF8F5B724A6F69F00D3250B /* PBXContainerItemProxy */ = {
			isa = PBXContainerItemProxy;
			containerPortal = 4DF8F59824A6F69D00D3250B /* Project object */;
			proxyType = 1;
			remoteGlobalIDString = 4DF8F59F24A6F69E00D3250B;
			remoteInfo = RestApiRequest;
		};
		4DF8F5C224A6F69F00D3250B /* PBXContainerItemProxy */ = {
			isa = PBXContainerItemProxy;
			containerPortal = 4DF8F59824A6F69D00D3250B /* Project object */;
			proxyType = 1;
			remoteGlobalIDString = 4DF8F59F24A6F69E00D3250B;
			remoteInfo = RestApiRequest;
		};
/* End PBXContainerItemProxy section */

/* Begin PBXFileReference section */
		4DF8F5A024A6F69E00D3250B /* RestApiRequest.app */ = {isa = PBXFileReference; explicitFileType = wrapper.application; includeInIndex = 0; path = RestApiRequest.app; sourceTree = BUILT_PRODUCTS_DIR; };
		4DF8F5A324A6F69E00D3250B /* AppDelegate.swift */ = {isa = PBXFileReference; lastKnownFileType = sourcecode.swift; path = AppDelegate.swift; sourceTree = "<group>"; };
		4DF8F5A524A6F69E00D3250B /* SceneDelegate.swift */ = {isa = PBXFileReference; lastKnownFileType = sourcecode.swift; path = SceneDelegate.swift; sourceTree = "<group>"; };
		4DF8F5A724A6F69E00D3250B /* ViewController.swift */ = {isa = PBXFileReference; lastKnownFileType = sourcecode.swift; path = ViewController.swift; sourceTree = "<group>"; };
		4DF8F5AC24A6F69E00D3250B /* Assets.xcassets */ = {isa = PBXFileReference; lastKnownFileType = folder.assetcatalog; path = Assets.xcassets; sourceTree = "<group>"; };
		4DF8F5AF24A6F69E00D3250B /* Base */ = {isa = PBXFileReference; lastKnownFileType = file.storyboard; name = Base; path = Base.lproj/LaunchScreen.storyboard; sourceTree = "<group>"; };
		4DF8F5B124A6F69F00D3250B /* Info.plist */ = {isa = PBXFileReference; lastKnownFileType = text.plist.xml; path = Info.plist; sourceTree = "<group>"; };
		4DF8F5B624A6F69F00D3250B /* RestApiRequestTests.xctest */ = {isa = PBXFileReference; explicitFileType = wrapper.cfbundle; includeInIndex = 0; path = RestApiRequestTests.xctest; sourceTree = BUILT_PRODUCTS_DIR; };
		4DF8F5BA24A6F69F00D3250B /* RestApiRequestTests.swift */ = {isa = PBXFileReference; lastKnownFileType = sourcecode.swift; path = RestApiRequestTests.swift; sourceTree = "<group>"; };
		4DF8F5BC24A6F69F00D3250B /* Info.plist */ = {isa = PBXFileReference; lastKnownFileType = text.plist.xml; path = Info.plist; sourceTree = "<group>"; };
		4DF8F5C124A6F69F00D3250B /* RestApiRequestUITests.xctest */ = {isa = PBXFileReference; explicitFileType = wrapper.cfbundle; includeInIndex = 0; path = RestApiRequestUITests.xctest; sourceTree = BUILT_PRODUCTS_DIR; };
		4DF8F5C524A6F69F00D3250B /* RestApiRequestUITests.swift */ = {isa = PBXFileReference; lastKnownFileType = sourcecode.swift; path = RestApiRequestUITests.swift; sourceTree = "<group>"; };
		4DF8F5C724A6F69F00D3250B /* Info.plist */ = {isa = PBXFileReference; lastKnownFileType = text.plist.xml; path = Info.plist; sourceTree = "<group>"; };
/* End PBXFileReference section */

/* Begin PBXFrameworksBuildPhase section */
		4DF8F59D24A6F69E00D3250B /* Frameworks */ = {
			isa = PBXFrameworksBuildPhase;
			buildActionMask = 2147483647;
			files = (
			);
			runOnlyForDeploymentPostprocessing = 0;
		};
		4DF8F5B324A6F69F00D3250B /* Frameworks */ = {
			isa = PBXFrameworksBuildPhase;
			buildActionMask = 2147483647;
			files = (
			);
			runOnlyForDeploymentPostprocessing = 0;
		};
		4DF8F5BE24A6F69F00D3250B /* Frameworks */ = {
			isa = PBXFrameworksBuildPhase;
			buildActionMask = 2147483647;
			files = (
			);
			runOnlyForDeploymentPostprocessing = 0;
		};
/* End PBXFrameworksBuildPhase section */

/* Begin PBXGroup section */
		4DF8F59724A6F69D00D3250B = {
			isa = PBXGroup;
			children = (
				4DF8F5A224A6F69E00D3250B /* RestApiRequest */,
				4DF8F5B924A6F69F00D3250B /* RestApiRequestTests */,
				4DF8F5C424A6F69F00D3250B /* RestApiRequestUITests */,
				4DF8F5A124A6F69E00D3250B /* Products */,
			);
			sourceTree = "<group>";
		};
		4DF8F5A124A6F69E00D3250B /* Products */ = {
			isa = PBXGroup;
			children = (
				4DF8F5A024A6F69E00D3250B /* RestApiRequest.app */,
				4DF8F5B624A6F69F00D3250B /* RestApiRequestTests.xctest */,
				4DF8F5C124A6F69F00D3250B /* RestApiRequestUITests.xctest */,
			);
			name = Products;
			sourceTree = "<group>";
		};
		4DF8F5A224A6F69E00D3250B /* RestApiRequest */ = {
			isa = PBXGroup;
			children = (
				4DF8F5A324A6F69E00D3250B /* AppDelegate.swift */,
				4DF8F5A524A6F69E00D3250B /* SceneDelegate.swift */,
				4DF8F5A724A6F69E00D3250B /* ViewController.swift */,
				4DF8F5AC24A6F69E00D3250B /* Assets.xcassets */,
				4DF8F5AE24A6F69E00D3250B /* LaunchScreen.storyboard */,
				4DF8F5B124A6F69F00D3250B /* Info.plist */,
			);
			path = RestApiRequest;
			sourceTree = "<group>";
		};
		4DF8F5B924A6F69F00D3250B /* RestApiRequestTests */ = {
			isa = PBXGroup;
			children = (
				4DF8F5BA24A6F69F00D3250B /* RestApiRequestTests.swift */,
				4DF8F5BC24A6F69F00D3250B /* Info.plist */,
			);
			path = RestApiRequestTests;
			sourceTree = "<group>";
		};
		4DF8F5C424A6F69F00D3250B /* RestApiRequestUITests */ = {
			isa = PBXGroup;
			children = (
				4DF8F5C524A6F69F00D3250B /* RestApiRequestUITests.swift */,
				4DF8F5C724A6F69F00D3250B /* Info.plist */,
			);
			path = RestApiRequestUITests;
			sourceTree = "<group>";
		};
/* End PBXGroup section */

/* Begin PBXNativeTarget section */
		4DF8F59F24A6F69E00D3250B /* RestApiRequest */ = {
			isa = PBXNativeTarget;
			buildConfigurationList = 4DF8F5CA24A6F69F00D3250B /* Build configuration list for PBXNativeTarget "RestApiRequest" */;
			buildPhases = (
				4DF8F59C24A6F69E00D3250B /* Sources */,
				4DF8F59D24A6F69E00D3250B /* Frameworks */,
				4DF8F59E24A6F69E00D3250B /* Resources */,
			);
			buildRules = (
			);
			dependencies = (
			);
			name = RestApiRequest;
			productName = RestApiRequest;
			productReference = 4DF8F5A024A6F69E00D3250B /* RestApiRequest.app */;
			productType = "com.apple.product-type.application";
		};
		4DF8F5B524A6F69F00D3250B /* RestApiRequestTests */ = {
			isa = PBXNativeTarget;
			buildConfigurationList = 4DF8F5CD24A6F69F00D3250B /* Build configuration list for PBXNativeTarget "RestApiRequestTests" */;
			buildPhases = (
				4DF8F5B224A6F69F00D3250B /* Sources */,
				4DF8F5B324A6F69F00D3250B /* Frameworks */,
				4DF8F5B424A6F69F00D3250B /* Resources */,
			);
			buildRules = (
			);
			dependencies = (
				4DF8F5B824A6F69F00D3250B /* PBXTargetDependency */,
			);
			name = RestApiRequestTests;
			productName = RestApiRequestTests;
			productReference = 4DF8F5B624A6F69F00D3250B /* RestApiRequestTests.xctest */;
			productType = "com.apple.product-type.bundle.unit-test";
		};
		4DF8F5C024A6F69F00D3250B /* RestApiRequestUITests */ = {
			isa = PBXNativeTarget;
			buildConfigurationList = 4DF8F5D024A6F69F00D3250B /* Build configuration list for PBXNativeTarget "RestApiRequestUITests" */;
			buildPhases = (
				4DF8F5BD24A6F69F00D3250B /* Sources */,
				4DF8F5BE24A6F69F00D3250B /* Frameworks */,
				4DF8F5BF24A6F69F00D3250B /* Resources */,
			);
			buildRules = (
			);
			dependencies = (
				4DF8F5C324A6F69F00D3250B /* PBXTargetDependency */,
			);
			name = RestApiRequestUITests;
			productName = RestApiRequestUITests;
			productReference = 4DF8F5C124A6F69F00D3250B /* RestApiRequestUITests.xctest */;
			productType = "com.apple.product-type.bundle.ui-testing";
		};
/* End PBXNativeTarget section */

/* Begin PBXProject section */
		4DF8F59824A6F69D00D3250B /* Project object */ = {
			isa = PBXProject;
			attributes = {
				LastSwiftUpdateCheck = 1150;
				LastUpgradeCheck = 1150;
				ORGANIZATIONNAME = abatjarg;
				TargetAttributes = {
					4DF8F59F24A6F69E00D3250B = {
						CreatedOnToolsVersion = 11.5;
					};
					4DF8F5B524A6F69F00D3250B = {
						CreatedOnToolsVersion = 11.5;
						TestTargetID = 4DF8F59F24A6F69E00D3250B;
					};
					4DF8F5C024A6F69F00D3250B = {
						CreatedOnToolsVersion = 11.5;
						TestTargetID = 4DF8F59F24A6F69E00D3250B;
					};
				};
			};
			buildConfigurationList = 4DF8F59B24A6F69D00D3250B /* Build configuration list for PBXProject "RestApiRequest" */;
			compatibilityVersion = "Xcode 9.3";
			developmentRegion = en;
			hasScannedForEncodings = 0;
			knownRegions = (
				en,
				Base,
			);
			mainGroup = 4DF8F59724A6F69D00D3250B;
			productRefGroup = 4DF8F5A124A6F69E00D3250B /* Products */;
			projectDirPath = "";
			projectRoot = "";
			targets = (
				4DF8F59F24A6F69E00D3250B /* RestApiRequest */,
				4DF8F5B524A6F69F00D3250B /* RestApiRequestTests */,
				4DF8F5C024A6F69F00D3250B /* RestApiRequestUITests */,
			);
		};
/* End PBXProject section */

/* Begin PBXResourcesBuildPhase section */
		4DF8F59E24A6F69E00D3250B /* Resources */ = {
			isa = PBXResourcesBuildPhase;
			buildActionMask = 2147483647;
			files = (
				4DF8F5B024A6F69E00D3250B /* LaunchScreen.storyboard in Resources */,
				4DF8F5AD24A6F69E00D3250B /* Assets.xcassets in Resources */,
			);
			runOnlyForDeploymentPostprocessing = 0;
		};
		4DF8F5B424A6F69F00D3250B /* Resources */ = {
			isa = PBXResourcesBuildPhase;
			buildActionMask = 2147483647;
			files = (
			);
			runOnlyForDeploymentPostprocessing = 0;
		};
		4DF8F5BF24A6F69F00D3250B /* Resources */ = {
			isa = PBXResourcesBuildPhase;
			buildActionMask = 2147483647;
			files = (
			);
			runOnlyForDeploymentPostprocessing = 0;
		};
/* End PBXResourcesBuildPhase section */

/* Begin PBXSourcesBuildPhase section */
		4DF8F59C24A6F69E00D3250B /* Sources */ = {
			isa = PBXSourcesBuildPhase;
			buildActionMask = 2147483647;
			files = (
				4DF8F5A824A6F69E00D3250B /* ViewController.swift in Sources */,
				4DF8F5A424A6F69E00D3250B /* AppDelegate.swift in Sources */,
				4DF8F5A624A6F69E00D3250B /* SceneDelegate.swift in Sources */,
			);
			runOnlyForDeploymentPostprocessing = 0;
		};
		4DF8F5B224A6F69F00D3250B /* Sources */ = {
			isa = PBXSourcesBuildPhase;
			buildActionMask = 2147483647;
			files = (
				4DF8F5BB24A6F69F00D3250B /* RestApiRequestTests.swift in Sources */,
			);
			runOnlyForDeploymentPostprocessing = 0;
		};
		4DF8F5BD24A6F69F00D3250B /* Sources */ = {
			isa = PBXSourcesBuildPhase;
			buildActionMask = 2147483647;
			files = (
				4DF8F5C624A6F69F00D3250B /* RestApiRequestUITests.swift in Sources */,
			);
			runOnlyForDeploymentPostprocessing = 0;
		};
/* End PBXSourcesBuildPhase section */

/* Begin PBXTargetDependency section */
		4DF8F5B824A6F69F00D3250B /* PBXTargetDependency */ = {
			isa = PBXTargetDependency;
			target = 4DF8F59F24A6F69E00D3250B /* RestApiRequest */;
			targetProxy = 4DF8F5B724A6F69F00D3250B /* PBXContainerItemProxy */;
		};
		4DF8F5C324A6F69F00D3250B /* PBXTargetDependency */ = {
			isa = PBXTargetDependency;
			target = 4DF8F59F24A6F69E00D3250B /* RestApiRequest */;
			targetProxy = 4DF8F5C224A6F69F00D3250B /* PBXContainerItemProxy */;
		};
/* End PBXTargetDependency section */

/* Begin PBXVariantGroup section */
		4DF8F5AE24A6F69E00D3250B /* LaunchScreen.storyboard */ = {
			isa = PBXVariantGroup;
			children = (
				4DF8F5AF24A6F69E00D3250B /* Base */,
			);
			name = LaunchScreen.storyboard;
			sourceTree = "<group>";
		};
/* End PBXVariantGroup section */

/* Begin XCBuildConfiguration section */
		4DF8F5C824A6F69F00D3250B /* Debug */ = {
			isa = XCBuildConfiguration;
			buildSettings = {
				ALWAYS_SEARCH_USER_PATHS = NO;
				CLANG_ANALYZER_NONNULL = YES;
				CLANG_ANALYZER_NUMBER_OBJECT_CONVERSION = YES_AGGRESSIVE;
				CLANG_CXX_LANGUAGE_STANDARD = "gnu++14";
				CLANG_CXX_LIBRARY = "libc++";
				CLANG_ENABLE_MODULES = YES;
				CLANG_ENABLE_OBJC_ARC = YES;
				CLANG_ENABLE_OBJC_WEAK = YES;
				CLANG_WARN_BLOCK_CAPTURE_AUTORELEASING = YES;
				CLANG_WARN_BOOL_CONVERSION = YES;
				CLANG_WARN_COMMA = YES;
				CLANG_WARN_CONSTANT_CONVERSION = YES;
				CLANG_WARN_DEPRECATED_OBJC_IMPLEMENTATIONS = YES;
				CLANG_WARN_DIRECT_OBJC_ISA_USAGE = YES_ERROR;
				CLANG_WARN_DOCUMENTATION_COMMENTS = YES;
				CLANG_WARN_EMPTY_BODY = YES;
				CLANG_WARN_ENUM_CONVERSION = YES;
				CLANG_WARN_INFINITE_RECURSION = YES;
				CLANG_WARN_INT_CONVERSION = YES;
				CLANG_WARN_NON_LITERAL_NULL_CONVERSION = YES;
				CLANG_WARN_OBJC_IMPLICIT_RETAIN_SELF = YES;
				CLANG_WARN_OBJC_LITERAL_CONVERSION = YES;
				CLANG_WARN_OBJC_ROOT_CLASS = YES_ERROR;
				CLANG_WARN_RANGE_LOOP_ANALYSIS = YES;
				CLANG_WARN_STRICT_PROTOTYPES = YES;
				CLANG_WARN_SUSPICIOUS_MOVE = YES;
				CLANG_WARN_UNGUARDED_AVAILABILITY = YES_AGGRESSIVE;
				CLANG_WARN_UNREACHABLE_CODE = YES;
				CLANG_WARN__DUPLICATE_METHOD_MATCH = YES;
				COPY_PHASE_STRIP = NO;
				DEBUG_INFORMATION_FORMAT = dwarf;
				ENABLE_STRICT_OBJC_MSGSEND = YES;
				ENABLE_TESTABILITY = YES;
				GCC_C_LANGUAGE_STANDARD = gnu11;
				GCC_DYNAMIC_NO_PIC = NO;
				GCC_NO_COMMON_BLOCKS = YES;
				GCC_OPTIMIZATION_LEVEL = 0;
				GCC_PREPROCESSOR_DEFINITIONS = (
					"DEBUG=1",
					"$(inherited)",
				);
				GCC_WARN_64_TO_32_BIT_CONVERSION = YES;
				GCC_WARN_ABOUT_RETURN_TYPE = YES_ERROR;
				GCC_WARN_UNDECLARED_SELECTOR = YES;
				GCC_WARN_UNINITIALIZED_AUTOS = YES_AGGRESSIVE;
				GCC_WARN_UNUSED_FUNCTION = YES;
				GCC_WARN_UNUSED_VARIABLE = YES;
				IPHONEOS_DEPLOYMENT_TARGET = 13.5;
				MTL_ENABLE_DEBUG_INFO = INCLUDE_SOURCE;
				MTL_FAST_MATH = YES;
				ONLY_ACTIVE_ARCH = YES;
				SDKROOT = iphoneos;
				SWIFT_ACTIVE_COMPILATION_CONDITIONS = DEBUG;
				SWIFT_OPTIMIZATION_LEVEL = "-Onone";
			};
			name = Debug;
		};
		4DF8F5C924A6F69F00D3250B /* Release */ = {
			isa = XCBuildConfiguration;
			buildSettings = {
				ALWAYS_SEARCH_USER_PATHS = NO;
				CLANG_ANALYZER_NONNULL = YES;
				CLANG_ANALYZER_NUMBER_OBJECT_CONVERSION = YES_AGGRESSIVE;
				CLANG_CXX_LANGUAGE_STANDARD = "gnu++14";
				CLANG_CXX_LIBRARY = "libc++";
				CLANG_ENABLE_MODULES = YES;
				CLANG_ENABLE_OBJC_ARC = YES;
				CLANG_ENABLE_OBJC_WEAK = YES;
				CLANG_WARN_BLOCK_CAPTURE_AUTORELEASING = YES;
				CLANG_WARN_BOOL_CONVERSION = YES;
				CLANG_WARN_COMMA = YES;
				CLANG_WARN_CONSTANT_CONVERSION = YES;
				CLANG_WARN_DEPRECATED_OBJC_IMPLEMENTATIONS = YES;
				CLANG_WARN_DIRECT_OBJC_ISA_USAGE = YES_ERROR;
				CLANG_WARN_DOCUMENTATION_COMMENTS = YES;
				CLANG_WARN_EMPTY_BODY = YES;
				CLANG_WARN_ENUM_CONVERSION = YES;
				CLANG_WARN_INFINITE_RECURSION = YES;
				CLANG_WARN_INT_CONVERSION = YES;
				CLANG_WARN_NON_LITERAL_NULL_CONVERSION = YES;
				CLANG_WARN_OBJC_IMPLICIT_RETAIN_SELF = YES;
				CLANG_WARN_OBJC_LITERAL_CONVERSION = YES;
				CLANG_WARN_OBJC_ROOT_CLASS = YES_ERROR;
				CLANG_WARN_RANGE_LOOP_ANALYSIS = YES;
				CLANG_WARN_STRICT_PROTOTYPES = YES;
				CLANG_WARN_SUSPICIOUS_MOVE = YES;
				CLANG_WARN_UNGUARDED_AVAILABILITY = YES_AGGRESSIVE;
				CLANG_WARN_UNREACHABLE_CODE = YES;
				CLANG_WARN__DUPLICATE_METHOD_MATCH = YES;
				COPY_PHASE_STRIP = NO;
				DEBUG_INFORMATION_FORMAT = "dwarf-with-dsym";
				ENABLE_NS_ASSERTIONS = NO;
				ENABLE_STRICT_OBJC_MSGSEND = YES;
				GCC_C_LANGUAGE_STANDARD = gnu11;
				GCC_NO_COMMON_BLOCKS = YES;
				GCC_WARN_64_TO_32_BIT_CONVERSION = YES;
				GCC_WARN_ABOUT_RETURN_TYPE = YES_ERROR;
				GCC_WARN_UNDECLARED_SELECTOR = YES;
				GCC_WARN_UNINITIALIZED_AUTOS = YES_AGGRESSIVE;
				GCC_WARN_UNUSED_FUNCTION = YES;
				GCC_WARN_UNUSED_VARIABLE = YES;
				IPHONEOS_DEPLOYMENT_TARGET = 13.5;
				MTL_ENABLE_DEBUG_INFO = NO;
				MTL_FAST_MATH = YES;
				SDKROOT = iphoneos;
				SWIFT_COMPILATION_MODE = wholemodule;
				SWIFT_OPTIMIZATION_LEVEL = "-O";
				VALIDATE_PRODUCT = YES;
			};
			name = Release;
		};
		4DF8F5CB24A6F69F00D3250B /* Debug */ = {
			isa = XCBuildConfiguration;
			buildSettings = {
				ASSETCATALOG_COMPILER_APPICON_NAME = AppIcon;
				CODE_SIGN_STYLE = Automatic;
				DEVELOPMENT_TEAM = UDBQ493C9D;
				INFOPLIST_FILE = RestApiRequest/Info.plist;
				LD_RUNPATH_SEARCH_PATHS = (
					"$(inherited)",
					"@executable_path/Frameworks",
				);
				PRODUCT_BUNDLE_IDENTIFIER = com.abatjarg.RestApiRequest;
				PRODUCT_NAME = "$(TARGET_NAME)";
				SWIFT_VERSION = 5.0;
				TARGETED_DEVICE_FAMILY = "1,2";
			};
			name = Debug;
		};
		4DF8F5CC24A6F69F00D3250B /* Release */ = {
			isa = XCBuildConfiguration;
			buildSettings = {
				ASSETCATALOG_COMPILER_APPICON_NAME = AppIcon;
				CODE_SIGN_STYLE = Automatic;
				DEVELOPMENT_TEAM = UDBQ493C9D;
				INFOPLIST_FILE = RestApiRequest/Info.plist;
				LD_RUNPATH_SEARCH_PATHS = (
					"$(inherited)",
					"@executable_path/Frameworks",
				);
				PRODUCT_BUNDLE_IDENTIFIER = com.abatjarg.RestApiRequest;
				PRODUCT_NAME = "$(TARGET_NAME)";
				SWIFT_VERSION = 5.0;
				TARGETED_DEVICE_FAMILY = "1,2";
			};
			name = Release;
		};
		4DF8F5CE24A6F69F00D3250B /* Debug */ = {
			isa = XCBuildConfiguration;
			buildSettings = {
				ALWAYS_EMBED_SWIFT_STANDARD_LIBRARIES = YES;
				BUNDLE_LOADER = "$(TEST_HOST)";
				CODE_SIGN_STYLE = Automatic;
				DEVELOPMENT_TEAM = UDBQ493C9D;
				INFOPLIST_FILE = RestApiRequestTests/Info.plist;
				IPHONEOS_DEPLOYMENT_TARGET = 13.5;
				LD_RUNPATH_SEARCH_PATHS = (
					"$(inherited)",
					"@executable_path/Frameworks",
					"@loader_path/Frameworks",
				);
				PRODUCT_BUNDLE_IDENTIFIER = com.abatjarg.RestApiRequestTests;
				PRODUCT_NAME = "$(TARGET_NAME)";
				SWIFT_VERSION = 5.0;
				TARGETED_DEVICE_FAMILY = "1,2";
				TEST_HOST = "$(BUILT_PRODUCTS_DIR)/RestApiRequest.app/RestApiRequest";
			};
			name = Debug;
		};
		4DF8F5CF24A6F69F00D3250B /* Release */ = {
			isa = XCBuildConfiguration;
			buildSettings = {
				ALWAYS_EMBED_SWIFT_STANDARD_LIBRARIES = YES;
				BUNDLE_LOADER = "$(TEST_HOST)";
				CODE_SIGN_STYLE = Automatic;
				DEVELOPMENT_TEAM = UDBQ493C9D;
				INFOPLIST_FILE = RestApiRequestTests/Info.plist;
				IPHONEOS_DEPLOYMENT_TARGET = 13.5;
				LD_RUNPATH_SEARCH_PATHS = (
					"$(inherited)",
					"@executable_path/Frameworks",
					"@loader_path/Frameworks",
				);
				PRODUCT_BUNDLE_IDENTIFIER = com.abatjarg.RestApiRequestTests;
				PRODUCT_NAME = "$(TARGET_NAME)";
				SWIFT_VERSION = 5.0;
				TARGETED_DEVICE_FAMILY = "1,2";
				TEST_HOST = "$(BUILT_PRODUCTS_DIR)/RestApiRequest.app/RestApiRequest";
			};
			name = Release;
		};
		4DF8F5D124A6F69F00D3250B /* Debug */ = {
			isa = XCBuildConfiguration;
			buildSettings = {
				ALWAYS_EMBED_SWIFT_STANDARD_LIBRARIES = YES;
				CODE_SIGN_STYLE = Automatic;
				DEVELOPMENT_TEAM = UDBQ493C9D;
				INFOPLIST_FILE = RestApiRequestUITests/Info.plist;
				LD_RUNPATH_SEARCH_PATHS = (
					"$(inherited)",
					"@executable_path/Frameworks",
					"@loader_path/Frameworks",
				);
				PRODUCT_BUNDLE_IDENTIFIER = com.abatjarg.RestApiRequestUITests;
				PRODUCT_NAME = "$(TARGET_NAME)";
				SWIFT_VERSION = 5.0;
				TARGETED_DEVICE_FAMILY = "1,2";
				TEST_TARGET_NAME = RestApiRequest;
			};
			name = Debug;
		};
		4DF8F5D224A6F69F00D3250B /* Release */ = {
			isa = XCBuildConfiguration;
			buildSettings = {
				ALWAYS_EMBED_SWIFT_STANDARD_LIBRARIES = YES;
				CODE_SIGN_STYLE = Automatic;
				DEVELOPMENT_TEAM = UDBQ493C9D;
				INFOPLIST_FILE = RestApiRequestUITests/Info.plist;
				LD_RUNPATH_SEARCH_PATHS = (
					"$(inherited)",
					"@executable_path/Frameworks",
					"@loader_path/Frameworks",
				);
				PRODUCT_BUNDLE_IDENTIFIER = com.abatjarg.RestApiRequestUITests;
				PRODUCT_NAME = "$(TARGET_NAME)";
				SWIFT_VERSION = 5.0;
				TARGETED_DEVICE_FAMILY = "1,2";
				TEST_TARGET_NAME = RestApiRequest;
			};
			name = Release;
		};
/* End XCBuildConfiguration section */

/* Begin XCConfigurationList section */
		4DF8F59B24A6F69D00D3250B /* Build configuration list for PBXProject "RestApiRequest" */ = {
			isa = XCConfigurationList;
			buildConfigurations = (
				4DF8F5C824A6F69F00D3250B /* Debug */,
				4DF8F5C924A6F69F00D3250B /* Release */,
			);
			defaultConfigurationIsVisible = 0;
			defaultConfigurationName = Release;
		};
		4DF8F5CA24A6F69F00D3250B /* Build configuration list for PBXNativeTarget "RestApiRequest" */ = {
			isa = XCConfigurationList;
			buildConfigurations = (
				4DF8F5CB24A6F69F00D3250B /* Debug */,
				4DF8F5CC24A6F69F00D3250B /* Release */,
			);
			defaultConfigurationIsVisible = 0;
			defaultConfigurationName = Release;
		};
		4DF8F5CD24A6F69F00D3250B /* Build configuration list for PBXNativeTarget "RestApiRequestTests" */ = {
			isa = XCConfigurationList;
			buildConfigurations = (
				4DF8F5CE24A6F69F00D3250B /* Debug */,
				4DF8F5CF24A6F69F00D3250B /* Release */,
			);
			defaultConfigurationIsVisible = 0;
			defaultConfigurationName = Release;
		};
		4DF8F5D024A6F69F00D3250B /* Build configuration list for PBXNativeTarget "RestApiRequestUITests" */ = {
			isa = XCConfigurationList;
			buildConfigurations = (
				4DF8F5D124A6F69F00D3250B /* Debug */,
				4DF8F5D224A6F69F00D3250B /* Release */,
			);
			defaultConfigurationIsVisible = 0;
			defaultConfigurationName = Release;
		};
/* End XCConfigurationList section */
	};
	rootObject = 4DF8F59824A6F69D00D3250B /* Project object */;
}
